
Microsoft Visual Studio Solution File, Format Version 12.00
# Visual Studio 2013
VisualStudioVersion = 12.0.31101.0
MinimumVisualStudioVersion = 10.0.40219.1
Project("{FAE04EC0-301F-11D3-BF4B-00C04F79EFBC}") = "KnowledgeBank", "KnowledgeBank\KnowledgeBank.csproj", "{2BE94899-97CE-442D-AFB9-40BEEA265AE6}"
EndProject
Project("{FAE04EC0-301F-11D3-BF4B-00C04F79EFBC}") = "KnowledgeBank.Tests", "KnowledgeBank.Tests\KnowledgeBank.Tests.csproj", "{CAF3BCDC-2DDC-4624-91B5-1F9CEF373E46}"
EndProject
Project("{2150E333-8FDC-42A3-9474-1A3956D46DE8}") = "PublishScripts", "PublishScripts", "{A8EA29A0-F7FA-4100-B06F-3EE095DBE781}"
	ProjectSection(SolutionItems) = preProject
		PublishScripts\AzureWebsitePublishModule.psm1 = PublishScripts\AzureWebsitePublishModule.psm1
		PublishScripts\Publish-WebApplicationWebsite.ps1 = PublishScripts\Publish-WebApplicationWebsite.ps1
	EndProjectSection
EndProject
Project("{2150E333-8FDC-42A3-9474-1A3956D46DE8}") = "Configurations", "Configurations", "{9EA38375-A0C8-494B-9C40-C4664ECB4BA2}"
	ProjectSection(SolutionItems) = preProject
		PublishScripts\Configurations\KnowledgeBank-WAWS-dev.json = PublishScripts\Configurations\KnowledgeBank-WAWS-dev.json
	EndProjectSection
EndProject
Project("{FAE04EC0-301F-11D3-BF4B-00C04F79EFBC}") = "KnowledgeBank.Lib", "KnowledgeBank.Lib\KnowledgeBank.Lib.csproj", "{8635292E-D2F4-435F-BC22-0C737D4D7641}"
EndProject
Project("{FAE04EC0-301F-11D3-BF4B-00C04F79EFBC}") = "KnowledgeBank.Domain", "KnowledgeBank.Domain\KnowledgeBank.Domain.csproj", "{61A2F92A-7F56-4825-A09A-821E4A3AB0F8}"
EndProject
Global
	GlobalSection(SolutionConfigurationPlatforms) = preSolution
		Debug|Any CPU = Debug|Any CPU
		Release|Any CPU = Release|Any CPU
	EndGlobalSection
	GlobalSection(ProjectConfigurationPlatforms) = postSolution
		{2BE94899-97CE-442D-AFB9-40BEEA265AE6}.Debug|Any CPU.ActiveCfg = Debug|Any CPU
		{2BE94899-97CE-442D-AFB9-40BEEA265AE6}.Debug|Any CPU.Build.0 = Debug|Any CPU
		{2BE94899-97CE-442D-AFB9-40BEEA265AE6}.Release|Any CPU.ActiveCfg = Release|Any CPU
		{2BE94899-97CE-442D-AFB9-40BEEA265AE6}.Release|Any CPU.Build.0 = Release|Any CPU
		{CAF3BCDC-2DDC-4624-91B5-1F9CEF373E46}.Debug|Any CPU.ActiveCfg = Debug|Any CPU
		{CAF3BCDC-2DDC-4624-91B5-1F9CEF373E46}.Debug|Any CPU.Build.0 = Debug|Any CPU
		{CAF3BCDC-2DDC-4624-91B5-1F9CEF373E46}.Release|Any CPU.ActiveCfg = Release|Any CPU
		{CAF3BCDC-2DDC-4624-91B5-1F9CEF373E46}.Release|Any CPU.Build.0 = Release|Any CPU
		{8635292E-D2F4-435F-BC22-0C737D4D7641}.Debug|Any CPU.ActiveCfg = Debug|Any CPU
		{8635292E-D2F4-435F-BC22-0C737D4D7641}.Debug|Any CPU.Build.0 = Debug|Any CPU
		{8635292E-D2F4-435F-BC22-0C737D4D7641}.Release|Any CPU.ActiveCfg = Release|Any CPU
		{8635292E-D2F4-435F-BC22-0C737D4D7641}.Release|Any CPU.Build.0 = Release|Any CPU
		{61A2F92A-7F56-4825-A09A-821E4A3AB0F8}.Debug|Any CPU.ActiveCfg = Debug|Any CPU
		{61A2F92A-7F56-4825-A09A-821E4A3AB0F8}.Debug|Any CPU.Build.0 = Debug|Any CPU
		{61A2F92A-7F56-4825-A09A-821E4A3AB0F8}.Release|Any CPU.ActiveCfg = Release|Any CPU
		{61A2F92A-7F56-4825-A09A-821E4A3AB0F8}.Release|Any CPU.Build.0 = Release|Any CPU
	EndGlobalSection
	GlobalSection(SolutionProperties) = preSolution
		HideSolutionNode = FALSE
	EndGlobalSection
	GlobalSection(NestedProjects) = preSolution
		{9EA38375-A0C8-494B-9C40-C4664ECB4BA2} = {A8EA29A0-F7FA-4100-B06F-3EE095DBE781}
	EndGlobalSection
EndGlobal
